
Microsoft Visual Studio Solution File, Format Version 12.00
# Visual Studio Version 17
VisualStudioVersion = 17.7.34009.444
MinimumVisualStudioVersion = 10.0.40219.1
Project("{FAE04EC0-301F-11D3-BF4B-00C04F79EFBC}") = "Practica6-MVC.UI", "Practica6-MVC\Practica6-MVC.UI.csproj", "{9F1ECF1F-F162-4A7E-993A-28A496856B10}"
EndProject
Project("{FAE04EC0-301F-11D3-BF4B-00C04F79EFBC}") = "Practica6-MVC.Data", "Practica6-MVC.Data\Practica6-MVC.Data.csproj", "{3A1526B0-F078-4278-A0F6-5E2DDCBD405E}"
EndProject
Project("{FAE04EC0-301F-11D3-BF4B-00C04F79EFBC}") = "Practica6-MVC.Entities", "Practica6-MVC.Entities\Practica6-MVC.Entities.csproj", "{2B8CA862-47B8-4E89-81ED-8E3A4E7D8DEF}"
EndProject
Project("{FAE04EC0-301F-11D3-BF4B-00C04F79EFBC}") = "Practica6-MVC.Logic", "Practica6-MVC.Logic\Practica6-MVC.Logic.csproj", "{3A769DE4-6F5E-40F3-9FA2-FE968DD0D7B4}"
EndProject
Project("{FAE04EC0-301F-11D3-BF4B-00C04F79EFBC}") = "MVC", "MVC\MVC.csproj", "{46D1F1DE-D61F-40B4-B04B-3E468729E7B4}"
EndProject
Global
	GlobalSection(SolutionConfigurationPlatforms) = preSolution
		Debug|Any CPU = Debug|Any CPU
		Release|Any CPU = Release|Any CPU
	EndGlobalSection
	GlobalSection(ProjectConfigurationPlatforms) = postSolution
		{9F1ECF1F-F162-4A7E-993A-28A496856B10}.Debug|Any CPU.ActiveCfg = Debug|Any CPU
		{9F1ECF1F-F162-4A7E-993A-28A496856B10}.Debug|Any CPU.Build.0 = Debug|Any CPU
		{9F1ECF1F-F162-4A7E-993A-28A496856B10}.Release|Any CPU.ActiveCfg = Release|Any CPU
		{9F1ECF1F-F162-4A7E-993A-28A496856B10}.Release|Any CPU.Build.0 = Release|Any CPU
		{3A1526B0-F078-4278-A0F6-5E2DDCBD405E}.Debug|Any CPU.ActiveCfg = Debug|Any CPU
		{3A1526B0-F078-4278-A0F6-5E2DDCBD405E}.Debug|Any CPU.Build.0 = Debug|Any CPU
		{3A1526B0-F078-4278-A0F6-5E2DDCBD405E}.Release|Any CPU.ActiveCfg = Release|Any CPU
		{3A1526B0-F078-4278-A0F6-5E2DDCBD405E}.Release|Any CPU.Build.0 = Release|Any CPU
		{2B8CA862-47B8-4E89-81ED-8E3A4E7D8DEF}.Debug|Any CPU.ActiveCfg = Debug|Any CPU
		{2B8CA862-47B8-4E89-81ED-8E3A4E7D8DEF}.Debug|Any CPU.Build.0 = Debug|Any CPU
		{2B8CA862-47B8-4E89-81ED-8E3A4E7D8DEF}.Release|Any CPU.ActiveCfg = Release|Any CPU
		{2B8CA862-47B8-4E89-81ED-8E3A4E7D8DEF}.Release|Any CPU.Build.0 = Release|Any CPU
		{3A769DE4-6F5E-40F3-9FA2-FE968DD0D7B4}.Debug|Any CPU.ActiveCfg = Debug|Any CPU
		{3A769DE4-6F5E-40F3-9FA2-FE968DD0D7B4}.Debug|Any CPU.Build.0 = Debug|Any CPU
		{3A769DE4-6F5E-40F3-9FA2-FE968DD0D7B4}.Release|Any CPU.ActiveCfg = Release|Any CPU
		{3A769DE4-6F5E-40F3-9FA2-FE968DD0D7B4}.Release|Any CPU.Build.0 = Release|Any CPU
		{46D1F1DE-D61F-40B4-B04B-3E468729E7B4}.Debug|Any CPU.ActiveCfg = Debug|Any CPU
		{46D1F1DE-D61F-40B4-B04B-3E468729E7B4}.Debug|Any CPU.Build.0 = Debug|Any CPU
		{46D1F1DE-D61F-40B4-B04B-3E468729E7B4}.Release|Any CPU.ActiveCfg = Release|Any CPU
		{46D1F1DE-D61F-40B4-B04B-3E468729E7B4}.Release|Any CPU.Build.0 = Release|Any CPU
	EndGlobalSection
	GlobalSection(SolutionProperties) = preSolution
		HideSolutionNode = FALSE
	EndGlobalSection
	GlobalSection(ExtensibilityGlobals) = postSolution
		SolutionGuid = {78FDB971-E7A9-4588-92BB-2D3C76672B3F}
	EndGlobalSection
EndGlobal
