
Microsoft Visual Studio Solution File, Format Version 12.00
# Visual Studio Version 17
VisualStudioVersion = 17.7.34009.444
MinimumVisualStudioVersion = 10.0.40219.1
Project("{FAE04EC0-301F-11D3-BF4B-00C04F79EFBC}") = "Practica3-EntityFramework", "Practica3-EntityFramework\Practica3-EntityFramework.csproj", "{0853D48B-32EB-4F4B-AF6E-09BEDDAC0714}"
EndProject
Project("{FAE04EC0-301F-11D3-BF4B-00C04F79EFBC}") = "Practica3.EF.Logic", "Practica3.EF.Logic\Practica3.EF.Logic.csproj", "{C86B5A82-BFDC-4187-98B6-DE13562B76AB}"
EndProject
Project("{FAE04EC0-301F-11D3-BF4B-00C04F79EFBC}") = "Practica3.EF.Data", "Practica3.EF.Data\Practica3.EF.Data.csproj", "{BDBFBF4F-1B8A-4B25-9DFA-E4B628872D04}"
EndProject
Project("{FAE04EC0-301F-11D3-BF4B-00C04F79EFBC}") = "Practica3.EF.Entities", "Practica3.EF.Entities\Practica3.EF.Entities.csproj", "{6228A6A3-974F-4B93-BC54-FF115A378E6F}"
EndProject
Global
	GlobalSection(SolutionConfigurationPlatforms) = preSolution
		Debug|Any CPU = Debug|Any CPU
		Release|Any CPU = Release|Any CPU
	EndGlobalSection
	GlobalSection(ProjectConfigurationPlatforms) = postSolution
		{0853D48B-32EB-4F4B-AF6E-09BEDDAC0714}.Debug|Any CPU.ActiveCfg = Debug|Any CPU
		{0853D48B-32EB-4F4B-AF6E-09BEDDAC0714}.Debug|Any CPU.Build.0 = Debug|Any CPU
		{0853D48B-32EB-4F4B-AF6E-09BEDDAC0714}.Release|Any CPU.ActiveCfg = Release|Any CPU
		{0853D48B-32EB-4F4B-AF6E-09BEDDAC0714}.Release|Any CPU.Build.0 = Release|Any CPU
		{C86B5A82-BFDC-4187-98B6-DE13562B76AB}.Debug|Any CPU.ActiveCfg = Debug|Any CPU
		{C86B5A82-BFDC-4187-98B6-DE13562B76AB}.Debug|Any CPU.Build.0 = Debug|Any CPU
		{C86B5A82-BFDC-4187-98B6-DE13562B76AB}.Release|Any CPU.ActiveCfg = Release|Any CPU
		{C86B5A82-BFDC-4187-98B6-DE13562B76AB}.Release|Any CPU.Build.0 = Release|Any CPU
		{BDBFBF4F-1B8A-4B25-9DFA-E4B628872D04}.Debug|Any CPU.ActiveCfg = Debug|Any CPU
		{BDBFBF4F-1B8A-4B25-9DFA-E4B628872D04}.Debug|Any CPU.Build.0 = Debug|Any CPU
		{BDBFBF4F-1B8A-4B25-9DFA-E4B628872D04}.Release|Any CPU.ActiveCfg = Release|Any CPU
		{BDBFBF4F-1B8A-4B25-9DFA-E4B628872D04}.Release|Any CPU.Build.0 = Release|Any CPU
		{6228A6A3-974F-4B93-BC54-FF115A378E6F}.Debug|Any CPU.ActiveCfg = Debug|Any CPU
		{6228A6A3-974F-4B93-BC54-FF115A378E6F}.Debug|Any CPU.Build.0 = Debug|Any CPU
		{6228A6A3-974F-4B93-BC54-FF115A378E6F}.Release|Any CPU.ActiveCfg = Release|Any CPU
		{6228A6A3-974F-4B93-BC54-FF115A378E6F}.Release|Any CPU.Build.0 = Release|Any CPU
	EndGlobalSection
	GlobalSection(SolutionProperties) = preSolution
		HideSolutionNode = FALSE
	EndGlobalSection
	GlobalSection(ExtensibilityGlobals) = postSolution
		SolutionGuid = {0A77D42E-E594-4293-8364-A920D8D5BB1B}
	EndGlobalSection
EndGlobal
